
Microsoft Visual Studio Solution File, Format Version 12.00
# Visual Studio Version 16
VisualStudioVersion = 16.0.29411.108
MinimumVisualStudioVersion = 10.0.40219.1
Project("{FAE04EC0-301F-11D3-BF4B-00C04F79EFBC}") = "ResourceSkillMatching", "ResourceSkillMatching.csproj", "{459A501B-9742-4D79-9E0E-5A35DD55E537}"
EndProject
Global
	GlobalSection(SolutionConfigurationPlatforms) = preSolution
		Debug|Any CPU = Debug|Any CPU
		Release|Any CPU = Release|Any CPU
	EndGlobalSection
	GlobalSection(ProjectConfigurationPlatforms) = postSolution
		{459A501B-9742-4D79-9E0E-5A35DD55E537}.Debug|Any CPU.ActiveCfg = Debug|Any CPU
		{459A501B-9742-4D79-9E0E-5A35DD55E537}.Debug|Any CPU.Build.0 = Debug|Any CPU
		{459A501B-9742-4D79-9E0E-5A35DD55E537}.Release|Any CPU.ActiveCfg = Release|Any CPU
		{459A501B-9742-4D79-9E0E-5A35DD55E537}.Release|Any CPU.Build.0 = Release|Any CPU
	EndGlobalSection
	GlobalSection(SolutionProperties) = preSolution
		HideSolutionNode = FALSE
	EndGlobalSection
	GlobalSection(ExtensibilityGlobals) = postSolution
		SolutionGuid = {428B79EC-6639-42E4-88A0-CC26CDD7E6AC}
	EndGlobalSection
EndGlobal
